
Microsoft Visual Studio Solution File, Format Version 12.00
# Visual Studio Version 16
VisualStudioVersion = 16.0.28803.202
MinimumVisualStudioVersion = 10.0.40219.1
Project("{FAE04EC0-301F-11D3-BF4B-00C04F79EFBC}") = "F0.Mvvm.Example.ComponentModel", "F0.Mvvm.Example.ComponentModel\F0.Mvvm.Example.ComponentModel.csproj", "{5AD5E1BC-C74B-4228-BA63-37F8C7ABEA2F}"
EndProject
Project("{FAE04EC0-301F-11D3-BF4B-00C04F79EFBC}") = "F0.Mvvm.Example.Windows.Input", "F0.Mvvm.Example.Windows.Input\F0.Mvvm.Example.Windows.Input.csproj", "{A2EE6439-D5D9-44B8-A012-1AE2C88E45F0}"
EndProject
Project("{9A19103F-16F7-4668-BE54-9A1E7A4F7556}") = "F0.Mvvm", "..\production\F0.Mvvm\F0.Mvvm.csproj", "{76772F83-CC73-47E3-84F6-4CFE38665ECB}"
EndProject
Global
	GlobalSection(SolutionConfigurationPlatforms) = preSolution
		Debug|Any CPU = Debug|Any CPU
		Release|Any CPU = Release|Any CPU
	EndGlobalSection
	GlobalSection(ProjectConfigurationPlatforms) = postSolution
		{5AD5E1BC-C74B-4228-BA63-37F8C7ABEA2F}.Debug|Any CPU.ActiveCfg = Debug|Any CPU
		{5AD5E1BC-C74B-4228-BA63-37F8C7ABEA2F}.Debug|Any CPU.Build.0 = Debug|Any CPU
		{5AD5E1BC-C74B-4228-BA63-37F8C7ABEA2F}.Release|Any CPU.ActiveCfg = Release|Any CPU
		{5AD5E1BC-C74B-4228-BA63-37F8C7ABEA2F}.Release|Any CPU.Build.0 = Release|Any CPU
		{A2EE6439-D5D9-44B8-A012-1AE2C88E45F0}.Debug|Any CPU.ActiveCfg = Debug|Any CPU
		{A2EE6439-D5D9-44B8-A012-1AE2C88E45F0}.Debug|Any CPU.Build.0 = Debug|Any CPU
		{A2EE6439-D5D9-44B8-A012-1AE2C88E45F0}.Release|Any CPU.ActiveCfg = Release|Any CPU
		{A2EE6439-D5D9-44B8-A012-1AE2C88E45F0}.Release|Any CPU.Build.0 = Release|Any CPU
		{76772F83-CC73-47E3-84F6-4CFE38665ECB}.Debug|Any CPU.ActiveCfg = Debug|Any CPU
		{76772F83-CC73-47E3-84F6-4CFE38665ECB}.Debug|Any CPU.Build.0 = Debug|Any CPU
		{76772F83-CC73-47E3-84F6-4CFE38665ECB}.Release|Any CPU.ActiveCfg = Release|Any CPU
		{76772F83-CC73-47E3-84F6-4CFE38665ECB}.Release|Any CPU.Build.0 = Release|Any CPU
	EndGlobalSection
	GlobalSection(SolutionProperties) = preSolution
		HideSolutionNode = FALSE
	EndGlobalSection
	GlobalSection(ExtensibilityGlobals) = postSolution
		SolutionGuid = {A3C953D9-4E1D-4A33-B309-26B0571D3D80}
	EndGlobalSection
EndGlobal
