
Microsoft Visual Studio Solution File, Format Version 12.00
# Visual Studio 15
VisualStudioVersion = 15.0.28010.2041
MinimumVisualStudioVersion = 10.0.40219.1
Project("{FAE04EC0-301F-11D3-BF4B-00C04F79EFBC}") = "F0.Mvvm.Example.ComponentModel", "F0.Mvvm.Example.ComponentModel\F0.Mvvm.Example.ComponentModel.csproj", "{5AD5E1BC-C74B-4228-BA63-37F8C7ABEA2F}"
EndProject
Project("{9A19103F-16F7-4668-BE54-9A1E7A4F7556}") = "F0.Mvvm", "..\..\source\F0.Mvvm\F0.Mvvm\F0.Mvvm.csproj", "{27A4FDEE-E689-450D-B5BF-CB13738586F0}"
EndProject
Global
	GlobalSection(SolutionConfigurationPlatforms) = preSolution
		Debug|Any CPU = Debug|Any CPU
		Release|Any CPU = Release|Any CPU
	EndGlobalSection
	GlobalSection(ProjectConfigurationPlatforms) = postSolution
		{5AD5E1BC-C74B-4228-BA63-37F8C7ABEA2F}.Debug|Any CPU.ActiveCfg = Debug|Any CPU
		{5AD5E1BC-C74B-4228-BA63-37F8C7ABEA2F}.Debug|Any CPU.Build.0 = Debug|Any CPU
		{5AD5E1BC-C74B-4228-BA63-37F8C7ABEA2F}.Release|Any CPU.ActiveCfg = Release|Any CPU
		{5AD5E1BC-C74B-4228-BA63-37F8C7ABEA2F}.Release|Any CPU.Build.0 = Release|Any CPU
		{27A4FDEE-E689-450D-B5BF-CB13738586F0}.Debug|Any CPU.ActiveCfg = Debug|Any CPU
		{27A4FDEE-E689-450D-B5BF-CB13738586F0}.Debug|Any CPU.Build.0 = Debug|Any CPU
		{27A4FDEE-E689-450D-B5BF-CB13738586F0}.Release|Any CPU.ActiveCfg = Release|Any CPU
		{27A4FDEE-E689-450D-B5BF-CB13738586F0}.Release|Any CPU.Build.0 = Release|Any CPU
	EndGlobalSection
	GlobalSection(SolutionProperties) = preSolution
		HideSolutionNode = FALSE
	EndGlobalSection
	GlobalSection(ExtensibilityGlobals) = postSolution
		SolutionGuid = {A3C953D9-4E1D-4A33-B309-26B0571D3D80}
	EndGlobalSection
EndGlobal
