
Microsoft Visual Studio Solution File, Format Version 12.00
# Visual Studio 15
VisualStudioVersion = 15.0.27703.2035
MinimumVisualStudioVersion = 10.0.40219.1
Project("{FAE04EC0-301F-11D3-BF4B-00C04F79EFBC}") = "F0.Mvvm", "F0.Mvvm\F0.Mvvm.csproj", "{F7C693F9-4D55-493A-B549-1FEAD0900052}"
EndProject
Project("{FAE04EC0-301F-11D3-BF4B-00C04F79EFBC}") = "F0.Mvvm.Tests", "F0.Mvvm.Tests\F0.Mvvm.Tests.csproj", "{605E1353-CCE9-4EAA-91C8-C9DF675827D3}"
EndProject
Global
	GlobalSection(SolutionConfigurationPlatforms) = preSolution
		Debug|Any CPU = Debug|Any CPU
		Release|Any CPU = Release|Any CPU
	EndGlobalSection
	GlobalSection(ProjectConfigurationPlatforms) = postSolution
		{F7C693F9-4D55-493A-B549-1FEAD0900052}.Debug|Any CPU.ActiveCfg = Debug|Any CPU
		{F7C693F9-4D55-493A-B549-1FEAD0900052}.Debug|Any CPU.Build.0 = Debug|Any CPU
		{F7C693F9-4D55-493A-B549-1FEAD0900052}.Release|Any CPU.ActiveCfg = Release|Any CPU
		{F7C693F9-4D55-493A-B549-1FEAD0900052}.Release|Any CPU.Build.0 = Release|Any CPU
		{605E1353-CCE9-4EAA-91C8-C9DF675827D3}.Debug|Any CPU.ActiveCfg = Debug|Any CPU
		{605E1353-CCE9-4EAA-91C8-C9DF675827D3}.Debug|Any CPU.Build.0 = Debug|Any CPU
		{605E1353-CCE9-4EAA-91C8-C9DF675827D3}.Release|Any CPU.ActiveCfg = Release|Any CPU
		{605E1353-CCE9-4EAA-91C8-C9DF675827D3}.Release|Any CPU.Build.0 = Release|Any CPU
	EndGlobalSection
	GlobalSection(SolutionProperties) = preSolution
		HideSolutionNode = FALSE
	EndGlobalSection
	GlobalSection(ExtensibilityGlobals) = postSolution
		SolutionGuid = {29606445-F034-4232-8301-5A803488EC6F}
	EndGlobalSection
EndGlobal
