
Microsoft Visual Studio Solution File, Format Version 12.00
# Visual Studio Version 16
VisualStudioVersion = 16.0.29201.188
MinimumVisualStudioVersion = 10.0.40219.1
Project("{9A19103F-16F7-4668-BE54-9A1E7A4F7556}") = "F0.Mvvm.Tests", "F0.Mvvm.Tests\F0.Mvvm.Tests.csproj", "{4803C96D-568B-4ACD-B126-269AD8D354EA}"
EndProject
Project("{9A19103F-16F7-4668-BE54-9A1E7A4F7556}") = "F0.Mvvm", "..\production\F0.Mvvm\F0.Mvvm.csproj", "{5060319C-4F7F-4651-8236-696FC82B952A}"
EndProject
Global
	GlobalSection(SolutionConfigurationPlatforms) = preSolution
		Debug|Any CPU = Debug|Any CPU
		Release|Any CPU = Release|Any CPU
	EndGlobalSection
	GlobalSection(ProjectConfigurationPlatforms) = postSolution
		{4803C96D-568B-4ACD-B126-269AD8D354EA}.Debug|Any CPU.ActiveCfg = Debug|Any CPU
		{4803C96D-568B-4ACD-B126-269AD8D354EA}.Debug|Any CPU.Build.0 = Debug|Any CPU
		{4803C96D-568B-4ACD-B126-269AD8D354EA}.Release|Any CPU.ActiveCfg = Release|Any CPU
		{4803C96D-568B-4ACD-B126-269AD8D354EA}.Release|Any CPU.Build.0 = Release|Any CPU
		{5060319C-4F7F-4651-8236-696FC82B952A}.Debug|Any CPU.ActiveCfg = Debug|Any CPU
		{5060319C-4F7F-4651-8236-696FC82B952A}.Debug|Any CPU.Build.0 = Debug|Any CPU
		{5060319C-4F7F-4651-8236-696FC82B952A}.Release|Any CPU.ActiveCfg = Release|Any CPU
		{5060319C-4F7F-4651-8236-696FC82B952A}.Release|Any CPU.Build.0 = Release|Any CPU
	EndGlobalSection
	GlobalSection(SolutionProperties) = preSolution
		HideSolutionNode = FALSE
	EndGlobalSection
	GlobalSection(ExtensibilityGlobals) = postSolution
		SolutionGuid = {B9F35F72-45BB-42F6-AB0E-E9E02C196638}
	EndGlobalSection
EndGlobal
