
Microsoft Visual Studio Solution File, Format Version 12.00
# Visual Studio Version 16
VisualStudioVersion = 16.0.28803.202
MinimumVisualStudioVersion = 10.0.40219.1
Project("{9A19103F-16F7-4668-BE54-9A1E7A4F7556}") = "F0.Mvvm", "production\F0.Mvvm\F0.Mvvm.csproj", "{C55BF5ED-5264-452C-91C1-590E0B047EC7}"
EndProject
Project("{9A19103F-16F7-4668-BE54-9A1E7A4F7556}") = "F0.Mvvm.Tests", "test\F0.Mvvm.Tests\F0.Mvvm.Tests.csproj", "{86C8C0E4-8239-4FC5-B094-F112A908CFE3}"
EndProject
Project("{FAE04EC0-301F-11D3-BF4B-00C04F79EFBC}") = "F0.Mvvm.Example.ComponentModel", "example\F0.Mvvm.Example.ComponentModel\F0.Mvvm.Example.ComponentModel.csproj", "{5AD5E1BC-C74B-4228-BA63-37F8C7ABEA2F}"
EndProject
Project("{FAE04EC0-301F-11D3-BF4B-00C04F79EFBC}") = "F0.Mvvm.Example.Windows.Input", "example\F0.Mvvm.Example.Windows.Input\F0.Mvvm.Example.Windows.Input.csproj", "{A2EE6439-D5D9-44B8-A012-1AE2C88E45F0}"
EndProject
Global
	GlobalSection(SolutionConfigurationPlatforms) = preSolution
		Debug|Any CPU = Debug|Any CPU
		Release|Any CPU = Release|Any CPU
	EndGlobalSection
	GlobalSection(ProjectConfigurationPlatforms) = postSolution
		{C55BF5ED-5264-452C-91C1-590E0B047EC7}.Debug|Any CPU.ActiveCfg = Debug|Any CPU
		{C55BF5ED-5264-452C-91C1-590E0B047EC7}.Debug|Any CPU.Build.0 = Debug|Any CPU
		{C55BF5ED-5264-452C-91C1-590E0B047EC7}.Release|Any CPU.ActiveCfg = Release|Any CPU
		{C55BF5ED-5264-452C-91C1-590E0B047EC7}.Release|Any CPU.Build.0 = Release|Any CPU
		{86C8C0E4-8239-4FC5-B094-F112A908CFE3}.Debug|Any CPU.ActiveCfg = Debug|Any CPU
		{86C8C0E4-8239-4FC5-B094-F112A908CFE3}.Debug|Any CPU.Build.0 = Debug|Any CPU
		{86C8C0E4-8239-4FC5-B094-F112A908CFE3}.Release|Any CPU.ActiveCfg = Release|Any CPU
		{86C8C0E4-8239-4FC5-B094-F112A908CFE3}.Release|Any CPU.Build.0 = Release|Any CPU
		{5AD5E1BC-C74B-4228-BA63-37F8C7ABEA2F}.Debug|Any CPU.ActiveCfg = Debug|Any CPU
		{5AD5E1BC-C74B-4228-BA63-37F8C7ABEA2F}.Debug|Any CPU.Build.0 = Debug|Any CPU
		{5AD5E1BC-C74B-4228-BA63-37F8C7ABEA2F}.Release|Any CPU.ActiveCfg = Release|Any CPU
		{5AD5E1BC-C74B-4228-BA63-37F8C7ABEA2F}.Release|Any CPU.Build.0 = Release|Any CPU
		{A2EE6439-D5D9-44B8-A012-1AE2C88E45F0}.Debug|Any CPU.ActiveCfg = Debug|Any CPU
		{A2EE6439-D5D9-44B8-A012-1AE2C88E45F0}.Debug|Any CPU.Build.0 = Debug|Any CPU
		{A2EE6439-D5D9-44B8-A012-1AE2C88E45F0}.Release|Any CPU.ActiveCfg = Release|Any CPU
		{A2EE6439-D5D9-44B8-A012-1AE2C88E45F0}.Release|Any CPU.Build.0 = Release|Any CPU
	EndGlobalSection
	GlobalSection(SolutionProperties) = preSolution
		HideSolutionNode = FALSE
	EndGlobalSection
	GlobalSection(ExtensibilityGlobals) = postSolution
		SolutionGuid = {29606445-F034-4232-8301-5A803488EC6F}
	EndGlobalSection
EndGlobal
